
Microsoft Visual Studio Solution File, Format Version 12.00
# Visual Studio Version 17
VisualStudioVersion = 17.12.35527.113 d17.12
MinimumVisualStudioVersion = 10.0.40219.1
Project("{FAE04EC0-301F-11D3-BF4B-00C04F79EFBC}") = "Raio", "Raio.csproj", "{FFCD00FC-AA38-435E-80FB-7C0E89FAE00F}"
EndProject
Global
	GlobalSection(SolutionConfigurationPlatforms) = preSolution
		Debug|Any CPU = Debug|Any CPU
		Release|Any CPU = Release|Any CPU
	EndGlobalSection
	GlobalSection(ProjectConfigurationPlatforms) = postSolution
		{FFCD00FC-AA38-435E-80FB-7C0E89FAE00F}.Debug|Any CPU.ActiveCfg = Debug|Any CPU
		{FFCD00FC-AA38-435E-80FB-7C0E89FAE00F}.Debug|Any CPU.Build.0 = Debug|Any CPU
		{FFCD00FC-AA38-435E-80FB-7C0E89FAE00F}.Release|Any CPU.ActiveCfg = Release|Any CPU
		{FFCD00FC-AA38-435E-80FB-7C0E89FAE00F}.Release|Any CPU.Build.0 = Release|Any CPU
	EndGlobalSection
	GlobalSection(SolutionProperties) = preSolution
		HideSolutionNode = FALSE
	EndGlobalSection
EndGlobal
